
Microsoft Visual Studio Solution File, Format Version 12.00
# Visual Studio Version 16
VisualStudioVersion = 16.0.30114.105
MinimumVisualStudioVersion = 10.0.40219.1
Project("{FAE04EC0-301F-11D3-BF4B-00C04F79EFBC}") = "maths", "maths\maths.csproj", "{E36E2783-068F-449E-80D4-BD2F52D06320}"
EndProject
Project("{FAE04EC0-301F-11D3-BF4B-00C04F79EFBC}") = "utils", "utils\utils.csproj", "{6A8BD8FA-B8E0-4816-853C-A9186CFCEAAB}"
EndProject
Project("{FAE04EC0-301F-11D3-BF4B-00C04F79EFBC}") = "C#", "C#.csproj", "{210115DC-21D6-4AE5-9DB8-DB6AEDFA2AD8}"
EndProject
Global
	GlobalSection(SolutionConfigurationPlatforms) = preSolution
		Debug|Any CPU = Debug|Any CPU
		Release|Any CPU = Release|Any CPU
	EndGlobalSection
	GlobalSection(SolutionProperties) = preSolution
		HideSolutionNode = FALSE
	EndGlobalSection
	GlobalSection(ProjectConfigurationPlatforms) = postSolution
		{E36E2783-068F-449E-80D4-BD2F52D06320}.Debug|Any CPU.ActiveCfg = Debug|Any CPU
		{E36E2783-068F-449E-80D4-BD2F52D06320}.Debug|Any CPU.Build.0 = Debug|Any CPU
		{E36E2783-068F-449E-80D4-BD2F52D06320}.Release|Any CPU.ActiveCfg = Release|Any CPU
		{E36E2783-068F-449E-80D4-BD2F52D06320}.Release|Any CPU.Build.0 = Release|Any CPU
		{6A8BD8FA-B8E0-4816-853C-A9186CFCEAAB}.Debug|Any CPU.ActiveCfg = Debug|Any CPU
		{6A8BD8FA-B8E0-4816-853C-A9186CFCEAAB}.Debug|Any CPU.Build.0 = Debug|Any CPU
		{6A8BD8FA-B8E0-4816-853C-A9186CFCEAAB}.Release|Any CPU.ActiveCfg = Release|Any CPU
		{6A8BD8FA-B8E0-4816-853C-A9186CFCEAAB}.Release|Any CPU.Build.0 = Release|Any CPU
		{210115DC-21D6-4AE5-9DB8-DB6AEDFA2AD8}.Debug|Any CPU.ActiveCfg = Debug|Any CPU
		{210115DC-21D6-4AE5-9DB8-DB6AEDFA2AD8}.Debug|Any CPU.Build.0 = Debug|Any CPU
		{210115DC-21D6-4AE5-9DB8-DB6AEDFA2AD8}.Release|Any CPU.ActiveCfg = Release|Any CPU
		{210115DC-21D6-4AE5-9DB8-DB6AEDFA2AD8}.Release|Any CPU.Build.0 = Release|Any CPU
	EndGlobalSection
EndGlobal
